
Microsoft Visual Studio Solution File, Format Version 12.00
# Visual Studio Version 17
VisualStudioVersion = 17.2.32526.322
MinimumVisualStudioVersion = 10.0.40219.1
Project("{FAE04EC0-301F-11D3-BF4B-00C04F79EFBC}") = "TaskManager", "TaskManager\TaskManager.csproj", "{B4EBA6FE-4ECE-43C6-A220-F9010A0BB914}"
EndProject
Global
	GlobalSection(SolutionConfigurationPlatforms) = preSolution
		Debug|Any CPU = Debug|Any CPU
		Release|Any CPU = Release|Any CPU
	EndGlobalSection
	GlobalSection(ProjectConfigurationPlatforms) = postSolution
		{B4EBA6FE-4ECE-43C6-A220-F9010A0BB914}.Debug|Any CPU.ActiveCfg = Debug|Any CPU
		{B4EBA6FE-4ECE-43C6-A220-F9010A0BB914}.Debug|Any CPU.Build.0 = Debug|Any CPU
		{B4EBA6FE-4ECE-43C6-A220-F9010A0BB914}.Release|Any CPU.ActiveCfg = Release|Any CPU
		{B4EBA6FE-4ECE-43C6-A220-F9010A0BB914}.Release|Any CPU.Build.0 = Release|Any CPU
	EndGlobalSection
	GlobalSection(SolutionProperties) = preSolution
		HideSolutionNode = FALSE
	EndGlobalSection
	GlobalSection(ExtensibilityGlobals) = postSolution
		SolutionGuid = {9AA10F12-CA71-4E37-AA95-0E06568D5797}
	EndGlobalSection
EndGlobal
